
Microsoft Visual Studio Solution File, Format Version 12.00
# Visual Studio Version 17
VisualStudioVersion = 17.0.32014.148
MinimumVisualStudioVersion = 10.0.40219.1
Project("{9A19103F-16F7-4668-BE54-9A1E7A4F7556}") = "AfterSchool", "AfterSchool.csproj", "{5266696F-84E2-464F-A277-770AB145C3B5}"
EndProject
Project("{FAE04EC0-301F-11D3-BF4B-00C04F79EFBC}") = "AfterSchool.Tests", "..\AfterSchool.Tests\AfterSchool.Tests.csproj", "{7CD886A8-E4FA-4F69-8D27-50285D769E9A}"
EndProject
Global
	GlobalSection(SolutionConfigurationPlatforms) = preSolution
		Debug|Any CPU = Debug|Any CPU
		Release|Any CPU = Release|Any CPU
	EndGlobalSection
	GlobalSection(ProjectConfigurationPlatforms) = postSolution
		{5266696F-84E2-464F-A277-770AB145C3B5}.Debug|Any CPU.ActiveCfg = Debug|Any CPU
		{5266696F-84E2-464F-A277-770AB145C3B5}.Debug|Any CPU.Build.0 = Debug|Any CPU
		{5266696F-84E2-464F-A277-770AB145C3B5}.Release|Any CPU.ActiveCfg = Release|Any CPU
		{5266696F-84E2-464F-A277-770AB145C3B5}.Release|Any CPU.Build.0 = Release|Any CPU
		{7CD886A8-E4FA-4F69-8D27-50285D769E9A}.Debug|Any CPU.ActiveCfg = Debug|Any CPU
		{7CD886A8-E4FA-4F69-8D27-50285D769E9A}.Debug|Any CPU.Build.0 = Debug|Any CPU
		{7CD886A8-E4FA-4F69-8D27-50285D769E9A}.Release|Any CPU.ActiveCfg = Release|Any CPU
		{7CD886A8-E4FA-4F69-8D27-50285D769E9A}.Release|Any CPU.Build.0 = Release|Any CPU
	EndGlobalSection
	GlobalSection(SolutionProperties) = preSolution
		HideSolutionNode = FALSE
	EndGlobalSection
	GlobalSection(ExtensibilityGlobals) = postSolution
		SolutionGuid = {660DEF85-6FAB-41EC-BA44-2C6B094F9A4C}
	EndGlobalSection
EndGlobal
